// !$*UTF8*$!
{
	archiveVersion = 1;
	classes = {
	};
	objectVersion = 50;
	objects = {

/* Begin PBXBuildFile section */
		61BBD3012432CA78009B7D63 /* AppDelegate.swift in Sources */ = {isa = PBXBuildFile; fileRef = 61BBD3002432CA78009B7D63 /* AppDelegate.swift */; };
		61BBD3032432CA78009B7D63 /* SceneDelegate.swift in Sources */ = {isa = PBXBuildFile; fileRef = 61BBD3022432CA78009B7D63 /* SceneDelegate.swift */; };
		61BBD3052432CA78009B7D63 /* ViewController.swift in Sources */ = {isa = PBXBuildFile; fileRef = 61BBD3042432CA78009B7D63 /* ViewController.swift */; };
		61BBD3082432CA78009B7D63 /* Main.storyboard in Resources */ = {isa = PBXBuildFile; fileRef = 61BBD3062432CA78009B7D63 /* Main.storyboard */; };
		61BBD30A2432CA7B009B7D63 /* Assets.xcassets in Resources */ = {isa = PBXBuildFile; fileRef = 61BBD3092432CA7B009B7D63 /* Assets.xcassets */; };
		61BBD30D2432CA7B009B7D63 /* LaunchScreen.storyboard in Resources */ = {isa = PBXBuildFile; fileRef = 61BBD30B2432CA7B009B7D63 /* LaunchScreen.storyboard */; };
		61BBD3182432CA7B009B7D63 /* Calculus_PhotoappTests.swift in Sources */ = {isa = PBXBuildFile; fileRef = 61BBD3172432CA7B009B7D63 /* Calculus_PhotoappTests.swift */; };
		61BBD3232432CA7B009B7D63 /* Calculus_PhotoappUITests.swift in Sources */ = {isa = PBXBuildFile; fileRef = 61BBD3222432CA7B009B7D63 /* Calculus_PhotoappUITests.swift */; };
/* End PBXBuildFile section */

/* Begin PBXContainerItemProxy section */
		61BBD3142432CA7B009B7D63 /* PBXContainerItemProxy */ = {
			isa = PBXContainerItemProxy;
			containerPortal = 61BBD2F52432CA78009B7D63 /* Project object */;
			proxyType = 1;
			remoteGlobalIDString = 61BBD2FC2432CA78009B7D63;
			remoteInfo = "Calculus-Photoapp";
		};
		61BBD31F2432CA7B009B7D63 /* PBXContainerItemProxy */ = {
			isa = PBXContainerItemProxy;
			containerPortal = 61BBD2F52432CA78009B7D63 /* Project object */;
			proxyType = 1;
			remoteGlobalIDString = 61BBD2FC2432CA78009B7D63;
			remoteInfo = "Calculus-Photoapp";
		};
/* End PBXContainerItemProxy section */

/* Begin PBXFileReference section */
		61BBD2FD2432CA78009B7D63 /* Calculus-Photoapp.app */ = {isa = PBXFileReference; explicitFileType = wrapper.application; includeInIndex = 0; path = "Calculus-Photoapp.app"; sourceTree = BUILT_PRODUCTS_DIR; };
		61BBD3002432CA78009B7D63 /* AppDelegate.swift */ = {isa = PBXFileReference; lastKnownFileType = sourcecode.swift; path = AppDelegate.swift; sourceTree = "<group>"; };
		61BBD3022432CA78009B7D63 /* SceneDelegate.swift */ = {isa = PBXFileReference; lastKnownFileType = sourcecode.swift; path = SceneDelegate.swift; sourceTree = "<group>"; };
		61BBD3042432CA78009B7D63 /* ViewController.swift */ = {isa = PBXFileReference; lastKnownFileType = sourcecode.swift; path = ViewController.swift; sourceTree = "<group>"; };
		61BBD3072432CA78009B7D63 /* Base */ = {isa = PBXFileReference; lastKnownFileType = file.storyboard; name = Base; path = Base.lproj/Main.storyboard; sourceTree = "<group>"; };
		61BBD3092432CA7B009B7D63 /* Assets.xcassets */ = {isa = PBXFileReference; lastKnownFileType = folder.assetcatalog; path = Assets.xcassets; sourceTree = "<group>"; };
		61BBD30C2432CA7B009B7D63 /* Base */ = {isa = PBXFileReference; lastKnownFileType = file.storyboard; name = Base; path = Base.lproj/LaunchScreen.storyboard; sourceTree = "<group>"; };
		61BBD30E2432CA7B009B7D63 /* Info.plist */ = {isa = PBXFileReference; lastKnownFileType = text.plist.xml; path = Info.plist; sourceTree = "<group>"; };
		61BBD3132432CA7B009B7D63 /* Calculus-PhotoappTests.xctest */ = {isa = PBXFileReference; explicitFileType = wrapper.cfbundle; includeInIndex = 0; path = "Calculus-PhotoappTests.xctest"; sourceTree = BUILT_PRODUCTS_DIR; };
		61BBD3172432CA7B009B7D63 /* Calculus_PhotoappTests.swift */ = {isa = PBXFileReference; lastKnownFileType = sourcecode.swift; path = Calculus_PhotoappTests.swift; sourceTree = "<group>"; };
		61BBD3192432CA7B009B7D63 /* Info.plist */ = {isa = PBXFileReference; lastKnownFileType = text.plist.xml; path = Info.plist; sourceTree = "<group>"; };
		61BBD31E2432CA7B009B7D63 /* Calculus-PhotoappUITests.xctest */ = {isa = PBXFileReference; explicitFileType = wrapper.cfbundle; includeInIndex = 0; path = "Calculus-PhotoappUITests.xctest"; sourceTree = BUILT_PRODUCTS_DIR; };
		61BBD3222432CA7B009B7D63 /* Calculus_PhotoappUITests.swift */ = {isa = PBXFileReference; lastKnownFileType = sourcecode.swift; path = Calculus_PhotoappUITests.swift; sourceTree = "<group>"; };
		61BBD3242432CA7B009B7D63 /* Info.plist */ = {isa = PBXFileReference; lastKnownFileType = text.plist.xml; path = Info.plist; sourceTree = "<group>"; };
/* End PBXFileReference section */

/* Begin PBXFrameworksBuildPhase section */
		61BBD2FA2432CA78009B7D63 /* Frameworks */ = {
			isa = PBXFrameworksBuildPhase;
			buildActionMask = 2147483647;
			files = (
			);
			runOnlyForDeploymentPostprocessing = 0;
		};
		61BBD3102432CA7B009B7D63 /* Frameworks */ = {
			isa = PBXFrameworksBuildPhase;
			buildActionMask = 2147483647;
			files = (
			);
			runOnlyForDeploymentPostprocessing = 0;
		};
		61BBD31B2432CA7B009B7D63 /* Frameworks */ = {
			isa = PBXFrameworksBuildPhase;
			buildActionMask = 2147483647;
			files = (
			);
			runOnlyForDeploymentPostprocessing = 0;
		};
/* End PBXFrameworksBuildPhase section */

/* Begin PBXGroup section */
		61BBD2F42432CA78009B7D63 = {
			isa = PBXGroup;
			children = (
				61BBD2FF2432CA78009B7D63 /* Calculus-Photoapp */,
				61BBD3162432CA7B009B7D63 /* Calculus-PhotoappTests */,
				61BBD3212432CA7B009B7D63 /* Calculus-PhotoappUITests */,
				61BBD2FE2432CA78009B7D63 /* Products */,
			);
			sourceTree = "<group>";
		};
		61BBD2FE2432CA78009B7D63 /* Products */ = {
			isa = PBXGroup;
			children = (
				61BBD2FD2432CA78009B7D63 /* Calculus-Photoapp.app */,
				61BBD3132432CA7B009B7D63 /* Calculus-PhotoappTests.xctest */,
				61BBD31E2432CA7B009B7D63 /* Calculus-PhotoappUITests.xctest */,
			);
			name = Products;
			sourceTree = "<group>";
		};
		61BBD2FF2432CA78009B7D63 /* Calculus-Photoapp */ = {
			isa = PBXGroup;
			children = (
				61BBD3002432CA78009B7D63 /* AppDelegate.swift */,
				61BBD3022432CA78009B7D63 /* SceneDelegate.swift */,
				61BBD3042432CA78009B7D63 /* ViewController.swift */,
				61BBD3062432CA78009B7D63 /* Main.storyboard */,
				61BBD3092432CA7B009B7D63 /* Assets.xcassets */,
				61BBD30B2432CA7B009B7D63 /* LaunchScreen.storyboard */,
				61BBD30E2432CA7B009B7D63 /* Info.plist */,
			);
			path = "Calculus-Photoapp";
			sourceTree = "<group>";
		};
		61BBD3162432CA7B009B7D63 /* Calculus-PhotoappTests */ = {
			isa = PBXGroup;
			children = (
				61BBD3172432CA7B009B7D63 /* Calculus_PhotoappTests.swift */,
				61BBD3192432CA7B009B7D63 /* Info.plist */,
			);
			path = "Calculus-PhotoappTests";
			sourceTree = "<group>";
		};
		61BBD3212432CA7B009B7D63 /* Calculus-PhotoappUITests */ = {
			isa = PBXGroup;
			children = (
				61BBD3222432CA7B009B7D63 /* Calculus_PhotoappUITests.swift */,
				61BBD3242432CA7B009B7D63 /* Info.plist */,
			);
			path = "Calculus-PhotoappUITests";
			sourceTree = "<group>";
		};
/* End PBXGroup section */

/* Begin PBXNativeTarget section */
		61BBD2FC2432CA78009B7D63 /* Calculus-Photoapp */ = {
			isa = PBXNativeTarget;
			buildConfigurationList = 61BBD3272432CA7B009B7D63 /* Build configuration list for PBXNativeTarget "Calculus-Photoapp" */;
			buildPhases = (
				61BBD2F92432CA78009B7D63 /* Sources */,
				61BBD2FA2432CA78009B7D63 /* Frameworks */,
				61BBD2FB2432CA78009B7D63 /* Resources */,
			);
			buildRules = (
			);
			dependencies = (
			);
			name = "Calculus-Photoapp";
			productName = "Calculus-Photoapp";
			productReference = 61BBD2FD2432CA78009B7D63 /* Calculus-Photoapp.app */;
			productType = "com.apple.product-type.application";
		};
		61BBD3122432CA7B009B7D63 /* Calculus-PhotoappTests */ = {
			isa = PBXNativeTarget;
			buildConfigurationList = 61BBD32A2432CA7B009B7D63 /* Build configuration list for PBXNativeTarget "Calculus-PhotoappTests" */;
			buildPhases = (
				61BBD30F2432CA7B009B7D63 /* Sources */,
				61BBD3102432CA7B009B7D63 /* Frameworks */,
				61BBD3112432CA7B009B7D63 /* Resources */,
			);
			buildRules = (
			);
			dependencies = (
				61BBD3152432CA7B009B7D63 /* PBXTargetDependency */,
			);
			name = "Calculus-PhotoappTests";
			productName = "Calculus-PhotoappTests";
			productReference = 61BBD3132432CA7B009B7D63 /* Calculus-PhotoappTests.xctest */;
			productType = "com.apple.product-type.bundle.unit-test";
		};
		61BBD31D2432CA7B009B7D63 /* Calculus-PhotoappUITests */ = {
			isa = PBXNativeTarget;
			buildConfigurationList = 61BBD32D2432CA7B009B7D63 /* Build configuration list for PBXNativeTarget "Calculus-PhotoappUITests" */;
			buildPhases = (
				61BBD31A2432CA7B009B7D63 /* Sources */,
				61BBD31B2432CA7B009B7D63 /* Frameworks */,
				61BBD31C2432CA7B009B7D63 /* Resources */,
			);
			buildRules = (
			);
			dependencies = (
				61BBD3202432CA7B009B7D63 /* PBXTargetDependency */,
			);
			name = "Calculus-PhotoappUITests";
			productName = "Calculus-PhotoappUITests";
			productReference = 61BBD31E2432CA7B009B7D63 /* Calculus-PhotoappUITests.xctest */;
			productType = "com.apple.product-type.bundle.ui-testing";
		};
/* End PBXNativeTarget section */

/* Begin PBXProject section */
		61BBD2F52432CA78009B7D63 /* Project object */ = {
			isa = PBXProject;
			attributes = {
				LastSwiftUpdateCheck = 1130;
				LastUpgradeCheck = 1130;
				ORGANIZATIONNAME = "Joseph Chen";
				TargetAttributes = {
					61BBD2FC2432CA78009B7D63 = {
						CreatedOnToolsVersion = 11.3.1;
					};
					61BBD3122432CA7B009B7D63 = {
						CreatedOnToolsVersion = 11.3.1;
						TestTargetID = 61BBD2FC2432CA78009B7D63;
					};
					61BBD31D2432CA7B009B7D63 = {
						CreatedOnToolsVersion = 11.3.1;
						TestTargetID = 61BBD2FC2432CA78009B7D63;
					};
				};
			};
			buildConfigurationList = 61BBD2F82432CA78009B7D63 /* Build configuration list for PBXProject "Calculus-Photoapp" */;
			compatibilityVersion = "Xcode 9.3";
			developmentRegion = en;
			hasScannedForEncodings = 0;
			knownRegions = (
				en,
				Base,
			);
			mainGroup = 61BBD2F42432CA78009B7D63;
			productRefGroup = 61BBD2FE2432CA78009B7D63 /* Products */;
			projectDirPath = "";
			projectRoot = "";
			targets = (
				61BBD2FC2432CA78009B7D63 /* Calculus-Photoapp */,
				61BBD3122432CA7B009B7D63 /* Calculus-PhotoappTests */,
				61BBD31D2432CA7B009B7D63 /* Calculus-PhotoappUITests */,
			);
		};
/* End PBXProject section */

/* Begin PBXResourcesBuildPhase section */
		61BBD2FB2432CA78009B7D63 /* Resources */ = {
			isa = PBXResourcesBuildPhase;
			buildActionMask = 2147483647;
			files = (
				61BBD30D2432CA7B009B7D63 /* LaunchScreen.storyboard in Resources */,
				61BBD30A2432CA7B009B7D63 /* Assets.xcassets in Resources */,
				61BBD3082432CA78009B7D63 /* Main.storyboard in Resources */,
			);
			runOnlyForDeploymentPostprocessing = 0;
		};
		61BBD3112432CA7B009B7D63 /* Resources */ = {
			isa = PBXResourcesBuildPhase;
			buildActionMask = 2147483647;
			files = (
			);
			runOnlyForDeploymentPostprocessing = 0;
		};
		61BBD31C2432CA7B009B7D63 /* Resources */ = {
			isa = PBXResourcesBuildPhase;
			buildActionMask = 2147483647;
			files = (
			);
			runOnlyForDeploymentPostprocessing = 0;
		};
/* End PBXResourcesBuildPhase section */

/* Begin PBXSourcesBuildPhase section */
		61BBD2F92432CA78009B7D63 /* Sources */ = {
			isa = PBXSourcesBuildPhase;
			buildActionMask = 2147483647;
			files = (
				61BBD3052432CA78009B7D63 /* ViewController.swift in Sources */,
				61BBD3012432CA78009B7D63 /* AppDelegate.swift in Sources */,
				61BBD3032432CA78009B7D63 /* SceneDelegate.swift in Sources */,
			);
			runOnlyForDeploymentPostprocessing = 0;
		};
		61BBD30F2432CA7B009B7D63 /* Sources */ = {
			isa = PBXSourcesBuildPhase;
			buildActionMask = 2147483647;
			files = (
				61BBD3182432CA7B009B7D63 /* Calculus_PhotoappTests.swift in Sources */,
			);
			runOnlyForDeploymentPostprocessing = 0;
		};
		61BBD31A2432CA7B009B7D63 /* Sources */ = {
			isa = PBXSourcesBuildPhase;
			buildActionMask = 2147483647;
			files = (
				61BBD3232432CA7B009B7D63 /* Calculus_PhotoappUITests.swift in Sources */,
			);
			runOnlyForDeploymentPostprocessing = 0;
		};
/* End PBXSourcesBuildPhase section */

/* Begin PBXTargetDependency section */
		61BBD3152432CA7B009B7D63 /* PBXTargetDependency */ = {
			isa = PBXTargetDependency;
			target = 61BBD2FC2432CA78009B7D63 /* Calculus-Photoapp */;
			targetProxy = 61BBD3142432CA7B009B7D63 /* PBXContainerItemProxy */;
		};
		61BBD3202432CA7B009B7D63 /* PBXTargetDependency */ = {
			isa = PBXTargetDependency;
			target = 61BBD2FC2432CA78009B7D63 /* Calculus-Photoapp */;
			targetProxy = 61BBD31F2432CA7B009B7D63 /* PBXContainerItemProxy */;
		};
/* End PBXTargetDependency section */

/* Begin PBXVariantGroup section */
		61BBD3062432CA78009B7D63 /* Main.storyboard */ = {
			isa = PBXVariantGroup;
			children = (
				61BBD3072432CA78009B7D63 /* Base */,
			);
			name = Main.storyboard;
			sourceTree = "<group>";
		};
		61BBD30B2432CA7B009B7D63 /* LaunchScreen.storyboard */ = {
			isa = PBXVariantGroup;
			children = (
				61BBD30C2432CA7B009B7D63 /* Base */,
			);
			name = LaunchScreen.storyboard;
			sourceTree = "<group>";
		};
/* End PBXVariantGroup section */

/* Begin XCBuildConfiguration section */
		61BBD3252432CA7B009B7D63 /* Debug */ = {
			isa = XCBuildConfiguration;
			buildSettings = {
				ALWAYS_SEARCH_USER_PATHS = NO;
				CLANG_ANALYZER_NONNULL = YES;
				CLANG_ANALYZER_NUMBER_OBJECT_CONVERSION = YES_AGGRESSIVE;
				CLANG_CXX_LANGUAGE_STANDARD = "gnu++14";
				CLANG_CXX_LIBRARY = "libc++";
				CLANG_ENABLE_MODULES = YES;
				CLANG_ENABLE_OBJC_ARC = YES;
				CLANG_ENABLE_OBJC_WEAK = YES;
				CLANG_WARN_BLOCK_CAPTURE_AUTORELEASING = YES;
				CLANG_WARN_BOOL_CONVERSION = YES;
				CLANG_WARN_COMMA = YES;
				CLANG_WARN_CONSTANT_CONVERSION = YES;
				CLANG_WARN_DEPRECATED_OBJC_IMPLEMENTATIONS = YES;
				CLANG_WARN_DIRECT_OBJC_ISA_USAGE = YES_ERROR;
				CLANG_WARN_DOCUMENTATION_COMMENTS = YES;
				CLANG_WARN_EMPTY_BODY = YES;
				CLANG_WARN_ENUM_CONVERSION = YES;
				CLANG_WARN_INFINITE_RECURSION = YES;
				CLANG_WARN_INT_CONVERSION = YES;
				CLANG_WARN_NON_LITERAL_NULL_CONVERSION = YES;
				CLANG_WARN_OBJC_IMPLICIT_RETAIN_SELF = YES;
				CLANG_WARN_OBJC_LITERAL_CONVERSION = YES;
				CLANG_WARN_OBJC_ROOT_CLASS = YES_ERROR;
				CLANG_WARN_RANGE_LOOP_ANALYSIS = YES;
				CLANG_WARN_STRICT_PROTOTYPES = YES;
				CLANG_WARN_SUSPICIOUS_MOVE = YES;
				CLANG_WARN_UNGUARDED_AVAILABILITY = YES_AGGRESSIVE;
				CLANG_WARN_UNREACHABLE_CODE = YES;
				CLANG_WARN__DUPLICATE_METHOD_MATCH = YES;
				COPY_PHASE_STRIP = NO;
				DEBUG_INFORMATION_FORMAT = dwarf;
				ENABLE_STRICT_OBJC_MSGSEND = YES;
				ENABLE_TESTABILITY = YES;
				GCC_C_LANGUAGE_STANDARD = gnu11;
				GCC_DYNAMIC_NO_PIC = NO;
				GCC_NO_COMMON_BLOCKS = YES;
				GCC_OPTIMIZATION_LEVEL = 0;
				GCC_PREPROCESSOR_DEFINITIONS = (
					"DEBUG=1",
					"$(inherited)",
				);
				GCC_WARN_64_TO_32_BIT_CONVERSION = YES;
				GCC_WARN_ABOUT_RETURN_TYPE = YES_ERROR;
				GCC_WARN_UNDECLARED_SELECTOR = YES;
				GCC_WARN_UNINITIALIZED_AUTOS = YES_AGGRESSIVE;
				GCC_WARN_UNUSED_FUNCTION = YES;
				GCC_WARN_UNUSED_VARIABLE = YES;
				IPHONEOS_DEPLOYMENT_TARGET = 13.2;
				MTL_ENABLE_DEBUG_INFO = INCLUDE_SOURCE;
				MTL_FAST_MATH = YES;
				ONLY_ACTIVE_ARCH = YES;
				SDKROOT = iphoneos;
				SWIFT_ACTIVE_COMPILATION_CONDITIONS = DEBUG;
				SWIFT_OPTIMIZATION_LEVEL = "-Onone";
			};
			name = Debug;
		};
		61BBD3262432CA7B009B7D63 /* Release */ = {
			isa = XCBuildConfiguration;
			buildSettings = {
				ALWAYS_SEARCH_USER_PATHS = NO;
				CLANG_ANALYZER_NONNULL = YES;
				CLANG_ANALYZER_NUMBER_OBJECT_CONVERSION = YES_AGGRESSIVE;
				CLANG_CXX_LANGUAGE_STANDARD = "gnu++14";
				CLANG_CXX_LIBRARY = "libc++";
				CLANG_ENABLE_MODULES = YES;
				CLANG_ENABLE_OBJC_ARC = YES;
				CLANG_ENABLE_OBJC_WEAK = YES;
				CLANG_WARN_BLOCK_CAPTURE_AUTORELEASING = YES;
				CLANG_WARN_BOOL_CONVERSION = YES;
				CLANG_WARN_COMMA = YES;
				CLANG_WARN_CONSTANT_CONVERSION = YES;
				CLANG_WARN_DEPRECATED_OBJC_IMPLEMENTATIONS = YES;
				CLANG_WARN_DIRECT_OBJC_ISA_USAGE = YES_ERROR;
				CLANG_WARN_DOCUMENTATION_COMMENTS = YES;
				CLANG_WARN_EMPTY_BODY = YES;
				CLANG_WARN_ENUM_CONVERSION = YES;
				CLANG_WARN_INFINITE_RECURSION = YES;
				CLANG_WARN_INT_CONVERSION = YES;
				CLANG_WARN_NON_LITERAL_NULL_CONVERSION = YES;
				CLANG_WARN_OBJC_IMPLICIT_RETAIN_SELF = YES;
				CLANG_WARN_OBJC_LITERAL_CONVERSION = YES;
				CLANG_WARN_OBJC_ROOT_CLASS = YES_ERROR;
				CLANG_WARN_RANGE_LOOP_ANALYSIS = YES;
				CLANG_WARN_STRICT_PROTOTYPES = YES;
				CLANG_WARN_SUSPICIOUS_MOVE = YES;
				CLANG_WARN_UNGUARDED_AVAILABILITY = YES_AGGRESSIVE;
				CLANG_WARN_UNREACHABLE_CODE = YES;
				CLANG_WARN__DUPLICATE_METHOD_MATCH = YES;
				COPY_PHASE_STRIP = NO;
				DEBUG_INFORMATION_FORMAT = "dwarf-with-dsym";
				ENABLE_NS_ASSERTIONS = NO;
				ENABLE_STRICT_OBJC_MSGSEND = YES;
				GCC_C_LANGUAGE_STANDARD = gnu11;
				GCC_NO_COMMON_BLOCKS = YES;
				GCC_WARN_64_TO_32_BIT_CONVERSION = YES;
				GCC_WARN_ABOUT_RETURN_TYPE = YES_ERROR;
				GCC_WARN_UNDECLARED_SELECTOR = YES;
				GCC_WARN_UNINITIALIZED_AUTOS = YES_AGGRESSIVE;
				GCC_WARN_UNUSED_FUNCTION = YES;
				GCC_WARN_UNUSED_VARIABLE = YES;
				IPHONEOS_DEPLOYMENT_TARGET = 13.2;
				MTL_ENABLE_DEBUG_INFO = NO;
				MTL_FAST_MATH = YES;
				SDKROOT = iphoneos;
				SWIFT_COMPILATION_MODE = wholemodule;
				SWIFT_OPTIMIZATION_LEVEL = "-O";
				VALIDATE_PRODUCT = YES;
			};
			name = Release;
		};
		61BBD3282432CA7B009B7D63 /* Debug */ = {
			isa = XCBuildConfiguration;
			buildSettings = {
				ASSETCATALOG_COMPILER_APPICON_NAME = AppIcon;
				CODE_SIGN_STYLE = Automatic;
				DEVELOPMENT_TEAM = 2T98S9WYK2;
				INFOPLIST_FILE = "Calculus-Photoapp/Info.plist";
				LD_RUNPATH_SEARCH_PATHS = (
					"$(inherited)",
					"@executable_path/Frameworks",
				);
				PRODUCT_BUNDLE_IDENTIFIER = "Joseph-Chen.Calculus-Photoapp";
				PRODUCT_NAME = "$(TARGET_NAME)";
				SWIFT_VERSION = 5.0;
				TARGETED_DEVICE_FAMILY = "1,2";
			};
			name = Debug;
		};
		61BBD3292432CA7B009B7D63 /* Release */ = {
			isa = XCBuildConfiguration;
			buildSettings = {
				ASSETCATALOG_COMPILER_APPICON_NAME = AppIcon;
				CODE_SIGN_STYLE = Automatic;
				DEVELOPMENT_TEAM = 2T98S9WYK2;
				INFOPLIST_FILE = "Calculus-Photoapp/Info.plist";
				LD_RUNPATH_SEARCH_PATHS = (
					"$(inherited)",
					"@executable_path/Frameworks",
				);
				PRODUCT_BUNDLE_IDENTIFIER = "Joseph-Chen.Calculus-Photoapp";
				PRODUCT_NAME = "$(TARGET_NAME)";
				SWIFT_VERSION = 5.0;
				TARGETED_DEVICE_FAMILY = "1,2";
			};
			name = Release;
		};
		61BBD32B2432CA7B009B7D63 /* Debug */ = {
			isa = XCBuildConfiguration;
			buildSettings = {
				ALWAYS_EMBED_SWIFT_STANDARD_LIBRARIES = YES;
				BUNDLE_LOADER = "$(TEST_HOST)";
				CODE_SIGN_STYLE = Automatic;
				DEVELOPMENT_TEAM = 2T98S9WYK2;
				INFOPLIST_FILE = "Calculus-PhotoappTests/Info.plist";
				IPHONEOS_DEPLOYMENT_TARGET = 13.2;
				LD_RUNPATH_SEARCH_PATHS = (
					"$(inherited)",
					"@executable_path/Frameworks",
					"@loader_path/Frameworks",
				);
				PRODUCT_BUNDLE_IDENTIFIER = "Joseph-Chen.Calculus-PhotoappTests";
				PRODUCT_NAME = "$(TARGET_NAME)";
				SWIFT_VERSION = 5.0;
				TARGETED_DEVICE_FAMILY = "1,2";
				TEST_HOST = "$(BUILT_PRODUCTS_DIR)/Calculus-Photoapp.app/Calculus-Photoapp";
			};
			name = Debug;
		};
		61BBD32C2432CA7B009B7D63 /* Release */ = {
			isa = XCBuildConfiguration;
			buildSettings = {
				ALWAYS_EMBED_SWIFT_STANDARD_LIBRARIES = YES;
				BUNDLE_LOADER = "$(TEST_HOST)";
				CODE_SIGN_STYLE = Automatic;
				DEVELOPMENT_TEAM = 2T98S9WYK2;
				INFOPLIST_FILE = "Calculus-PhotoappTests/Info.plist";
				IPHONEOS_DEPLOYMENT_TARGET = 13.2;
				LD_RUNPATH_SEARCH_PATHS = (
					"$(inherited)",
					"@executable_path/Frameworks",
					"@loader_path/Frameworks",
				);
				PRODUCT_BUNDLE_IDENTIFIER = "Joseph-Chen.Calculus-PhotoappTests";
				PRODUCT_NAME = "$(TARGET_NAME)";
				SWIFT_VERSION = 5.0;
				TARGETED_DEVICE_FAMILY = "1,2";
				TEST_HOST = "$(BUILT_PRODUCTS_DIR)/Calculus-Photoapp.app/Calculus-Photoapp";
			};
			name = Release;
		};
		61BBD32E2432CA7B009B7D63 /* Debug */ = {
			isa = XCBuildConfiguration;
			buildSettings = {
				ALWAYS_EMBED_SWIFT_STANDARD_LIBRARIES = YES;
				CODE_SIGN_STYLE = Automatic;
				DEVELOPMENT_TEAM = 2T98S9WYK2;
				INFOPLIST_FILE = "Calculus-PhotoappUITests/Info.plist";
				LD_RUNPATH_SEARCH_PATHS = (
					"$(inherited)",
					"@executable_path/Frameworks",
					"@loader_path/Frameworks",
				);
				PRODUCT_BUNDLE_IDENTIFIER = "Joseph-Chen.Calculus-PhotoappUITests";
				PRODUCT_NAME = "$(TARGET_NAME)";
				SWIFT_VERSION = 5.0;
				TARGETED_DEVICE_FAMILY = "1,2";
				TEST_TARGET_NAME = "Calculus-Photoapp";
			};
			name = Debug;
		};
		61BBD32F2432CA7B009B7D63 /* Release */ = {
			isa = XCBuildConfiguration;
			buildSettings = {
				ALWAYS_EMBED_SWIFT_STANDARD_LIBRARIES = YES;
				CODE_SIGN_STYLE = Automatic;
				DEVELOPMENT_TEAM = 2T98S9WYK2;
				INFOPLIST_FILE = "Calculus-PhotoappUITests/Info.plist";
				LD_RUNPATH_SEARCH_PATHS = (
					"$(inherited)",
					"@executable_path/Frameworks",
					"@loader_path/Frameworks",
				);
				PRODUCT_BUNDLE_IDENTIFIER = "Joseph-Chen.Calculus-PhotoappUITests";
				PRODUCT_NAME = "$(TARGET_NAME)";
				SWIFT_VERSION = 5.0;
				TARGETED_DEVICE_FAMILY = "1,2";
				TEST_TARGET_NAME = "Calculus-Photoapp";
			};
			name = Release;
		};
/* End XCBuildConfiguration section */

/* Begin XCConfigurationList section */
		61BBD2F82432CA78009B7D63 /* Build configuration list for PBXProject "Calculus-Photoapp" */ = {
			isa = XCConfigurationList;
			buildConfigurations = (
				61BBD3252432CA7B009B7D63 /* Debug */,
				61BBD3262432CA7B009B7D63 /* Release */,
			);
			defaultConfigurationIsVisible = 0;
			defaultConfigurationName = Release;
		};
		61BBD3272432CA7B009B7D63 /* Build configuration list for PBXNativeTarget "Calculus-Photoapp" */ = {
			isa = XCConfigurationList;
			buildConfigurations = (
				61BBD3282432CA7B009B7D63 /* Debug */,
				61BBD3292432CA7B009B7D63 /* Release */,
			);
			defaultConfigurationIsVisible = 0;
			defaultConfigurationName = Release;
		};
		61BBD32A2432CA7B009B7D63 /* Build configuration list for PBXNativeTarget "Calculus-PhotoappTests" */ = {
			isa = XCConfigurationList;
			buildConfigurations = (
				61BBD32B2432CA7B009B7D63 /* Debug */,
				61BBD32C2432CA7B009B7D63 /* Release */,
			);
			defaultConfigurationIsVisible = 0;
			defaultConfigurationName = Release;
		};
		61BBD32D2432CA7B009B7D63 /* Build configuration list for PBXNativeTarget "Calculus-PhotoappUITests" */ = {
			isa = XCConfigurationList;
			buildConfigurations = (
				61BBD32E2432CA7B009B7D63 /* Debug */,
				61BBD32F2432CA7B009B7D63 /* Release */,
			);
			defaultConfigurationIsVisible = 0;
			defaultConfigurationName = Release;
		};
/* End XCConfigurationList section */
	};
	rootObject = 61BBD2F52432CA78009B7D63 /* Project object */;
}
